
Microsoft Visual Studio Solution File, Format Version 12.00
# Visual Studio Version 16
VisualStudioVersion = 16.0.30002.166
MinimumVisualStudioVersion = 10.0.40219.1
Project("{FAE04EC0-301F-11D3-BF4B-00C04F79EFBC}") = "MyClinicTask", "MyClinicTask\MyClinicTask.csproj", "{2C75A056-00CA-4849-AE86-FC67D150E938}"
EndProject
Global
	GlobalSection(SolutionConfigurationPlatforms) = preSolution
		Debug|Any CPU = Debug|Any CPU
		Release|Any CPU = Release|Any CPU
	EndGlobalSection
	GlobalSection(ProjectConfigurationPlatforms) = postSolution
		{2C75A056-00CA-4849-AE86-FC67D150E938}.Debug|Any CPU.ActiveCfg = Debug|Any CPU
		{2C75A056-00CA-4849-AE86-FC67D150E938}.Debug|Any CPU.Build.0 = Debug|Any CPU
		{2C75A056-00CA-4849-AE86-FC67D150E938}.Release|Any CPU.ActiveCfg = Release|Any CPU
		{2C75A056-00CA-4849-AE86-FC67D150E938}.Release|Any CPU.Build.0 = Release|Any CPU
	EndGlobalSection
	GlobalSection(SolutionProperties) = preSolution
		HideSolutionNode = FALSE
	EndGlobalSection
	GlobalSection(ExtensibilityGlobals) = postSolution
		SolutionGuid = {7165F763-0982-4A03-A577-1C053315C2ED}
	EndGlobalSection
EndGlobal
